
Microsoft Visual Studio Solution File, Format Version 11.00
# Visual Studio 2010
Project("{FAE04EC0-301F-11D3-BF4B-00C04F79EFBC}") = "Pug.Sisca", "Src\Sisca\Pug.Sisca.csproj", "{A4F2FE07-324F-4950-BD04-01ED7C1A4A98}"
EndProject
Project("{FAE04EC0-301F-11D3-BF4B-00C04F79EFBC}") = "Sisca.Common", "Src\Sisca.Common\Sisca.Common.csproj", "{406CA069-86BF-4217-823A-F3D74D8A4BDD}"
EndProject
Global
	GlobalSection(SolutionConfigurationPlatforms) = preSolution
		Debug|Any CPU = Debug|Any CPU
		Release|Any CPU = Release|Any CPU
	EndGlobalSection
	GlobalSection(ProjectConfigurationPlatforms) = postSolution
		{A4F2FE07-324F-4950-BD04-01ED7C1A4A98}.Debug|Any CPU.ActiveCfg = Debug|Any CPU
		{A4F2FE07-324F-4950-BD04-01ED7C1A4A98}.Debug|Any CPU.Build.0 = Debug|Any CPU
		{A4F2FE07-324F-4950-BD04-01ED7C1A4A98}.Release|Any CPU.ActiveCfg = Release|Any CPU
		{A4F2FE07-324F-4950-BD04-01ED7C1A4A98}.Release|Any CPU.Build.0 = Release|Any CPU
		{406CA069-86BF-4217-823A-F3D74D8A4BDD}.Debug|Any CPU.ActiveCfg = Debug|Any CPU
		{406CA069-86BF-4217-823A-F3D74D8A4BDD}.Debug|Any CPU.Build.0 = Debug|Any CPU
		{406CA069-86BF-4217-823A-F3D74D8A4BDD}.Release|Any CPU.ActiveCfg = Release|Any CPU
		{406CA069-86BF-4217-823A-F3D74D8A4BDD}.Release|Any CPU.Build.0 = Release|Any CPU
	EndGlobalSection
	GlobalSection(SolutionProperties) = preSolution
		HideSolutionNode = FALSE
	EndGlobalSection
EndGlobal
